
Microsoft Visual Studio Solution File, Format Version 12.00
# Visual Studio Version 17
VisualStudioVersion = 17.13.35818.85 d17.13
MinimumVisualStudioVersion = 10.0.40219.1
Project("{FAE04EC0-301F-11D3-BF4B-00C04F79EFBC}") = "final", "final.csproj", "{71382CA7-064E-4E42-8EAF-E1345AEE0AC2}"
EndProject
Global
	GlobalSection(SolutionConfigurationPlatforms) = preSolution
		Debug|Any CPU = Debug|Any CPU
		Release|Any CPU = Release|Any CPU
	EndGlobalSection
	GlobalSection(ProjectConfigurationPlatforms) = postSolution
		{71382CA7-064E-4E42-8EAF-E1345AEE0AC2}.Debug|Any CPU.ActiveCfg = Debug|Any CPU
		{71382CA7-064E-4E42-8EAF-E1345AEE0AC2}.Debug|Any CPU.Build.0 = Debug|Any CPU
		{71382CA7-064E-4E42-8EAF-E1345AEE0AC2}.Release|Any CPU.ActiveCfg = Release|Any CPU
		{71382CA7-064E-4E42-8EAF-E1345AEE0AC2}.Release|Any CPU.Build.0 = Release|Any CPU
	EndGlobalSection
	GlobalSection(SolutionProperties) = preSolution
		HideSolutionNode = FALSE
	EndGlobalSection
	GlobalSection(ExtensibilityGlobals) = postSolution
		SolutionGuid = {85B02FF9-7BC8-4781-ACEB-5393E48E6CE8}
	EndGlobalSection
EndGlobal
